// !$*UTF8*$!
{
	archiveVersion = 1;
	classes = {
	};
	objectVersion = 50;
	objects = {

/* Begin PBXBuildFile section */
		AB39C42B23E44AEA009282E3 /* RatingBar.swift in Sources */ = {isa = PBXBuildFile; fileRef = AB39C42A23E44AEA009282E3 /* RatingBar.swift */; };
		AB39C42D23E83F9F009282E3 /* Bar.swift in Sources */ = {isa = PBXBuildFile; fileRef = AB39C42C23E83F9F009282E3 /* Bar.swift */; };
		AB39C42F23E9A518009282E3 /* BarTableViewCell.swift in Sources */ = {isa = PBXBuildFile; fileRef = AB39C42E23E9A518009282E3 /* BarTableViewCell.swift */; };
		AB39C43123EAE51C009282E3 /* BarTableViewController.swift in Sources */ = {isa = PBXBuildFile; fileRef = AB39C43023EAE51C009282E3 /* BarTableViewController.swift */; };
		AB55306323E06EE100128CE9 /* AppDelegate.swift in Sources */ = {isa = PBXBuildFile; fileRef = AB55306223E06EE100128CE9 /* AppDelegate.swift */; };
		AB55306523E06EE100128CE9 /* ViewController.swift in Sources */ = {isa = PBXBuildFile; fileRef = AB55306423E06EE100128CE9 /* ViewController.swift */; };
		AB55306823E06EE100128CE9 /* Main.storyboard in Resources */ = {isa = PBXBuildFile; fileRef = AB55306623E06EE100128CE9 /* Main.storyboard */; };
		AB55306A23E06EE300128CE9 /* Assets.xcassets in Resources */ = {isa = PBXBuildFile; fileRef = AB55306923E06EE300128CE9 /* Assets.xcassets */; };
		AB55306D23E06EE300128CE9 /* LaunchScreen.storyboard in Resources */ = {isa = PBXBuildFile; fileRef = AB55306B23E06EE300128CE9 /* LaunchScreen.storyboard */; };
		AB55307823E06EE300128CE9 /* MeuPrimeiroAppTests.swift in Sources */ = {isa = PBXBuildFile; fileRef = AB55307723E06EE300128CE9 /* MeuPrimeiroAppTests.swift */; };
/* End PBXBuildFile section */

/* Begin PBXContainerItemProxy section */
		AB55307423E06EE300128CE9 /* PBXContainerItemProxy */ = {
			isa = PBXContainerItemProxy;
			containerPortal = AB55305723E06EE100128CE9 /* Project object */;
			proxyType = 1;
			remoteGlobalIDString = AB55305E23E06EE100128CE9;
			remoteInfo = MeuPrimeiroApp;
		};
/* End PBXContainerItemProxy section */

/* Begin PBXFileReference section */
		AB39C42A23E44AEA009282E3 /* RatingBar.swift */ = {isa = PBXFileReference; lastKnownFileType = sourcecode.swift; path = RatingBar.swift; sourceTree = "<group>"; };
		AB39C42C23E83F9F009282E3 /* Bar.swift */ = {isa = PBXFileReference; lastKnownFileType = sourcecode.swift; path = Bar.swift; sourceTree = "<group>"; };
		AB39C42E23E9A518009282E3 /* BarTableViewCell.swift */ = {isa = PBXFileReference; lastKnownFileType = sourcecode.swift; path = BarTableViewCell.swift; sourceTree = "<group>"; };
		AB39C43023EAE51C009282E3 /* BarTableViewController.swift */ = {isa = PBXFileReference; lastKnownFileType = sourcecode.swift; path = BarTableViewController.swift; sourceTree = "<group>"; };
		AB55305F23E06EE100128CE9 /* MeuPrimeiroApp.app */ = {isa = PBXFileReference; explicitFileType = wrapper.application; includeInIndex = 0; path = MeuPrimeiroApp.app; sourceTree = BUILT_PRODUCTS_DIR; };
		AB55306223E06EE100128CE9 /* AppDelegate.swift */ = {isa = PBXFileReference; lastKnownFileType = sourcecode.swift; path = AppDelegate.swift; sourceTree = "<group>"; };
		AB55306423E06EE100128CE9 /* ViewController.swift */ = {isa = PBXFileReference; lastKnownFileType = sourcecode.swift; path = ViewController.swift; sourceTree = "<group>"; };
		AB55306723E06EE100128CE9 /* Base */ = {isa = PBXFileReference; lastKnownFileType = file.storyboard; name = Base; path = Base.lproj/Main.storyboard; sourceTree = "<group>"; };
		AB55306923E06EE300128CE9 /* Assets.xcassets */ = {isa = PBXFileReference; lastKnownFileType = folder.assetcatalog; path = Assets.xcassets; sourceTree = "<group>"; };
		AB55306C23E06EE300128CE9 /* Base */ = {isa = PBXFileReference; lastKnownFileType = file.storyboard; name = Base; path = Base.lproj/LaunchScreen.storyboard; sourceTree = "<group>"; };
		AB55306E23E06EE300128CE9 /* Info.plist */ = {isa = PBXFileReference; lastKnownFileType = text.plist.xml; path = Info.plist; sourceTree = "<group>"; };
		AB55307323E06EE300128CE9 /* MeuPrimeiroAppTests.xctest */ = {isa = PBXFileReference; explicitFileType = wrapper.cfbundle; includeInIndex = 0; path = MeuPrimeiroAppTests.xctest; sourceTree = BUILT_PRODUCTS_DIR; };
		AB55307723E06EE300128CE9 /* MeuPrimeiroAppTests.swift */ = {isa = PBXFileReference; lastKnownFileType = sourcecode.swift; path = MeuPrimeiroAppTests.swift; sourceTree = "<group>"; };
		AB55307923E06EE300128CE9 /* Info.plist */ = {isa = PBXFileReference; lastKnownFileType = text.plist.xml; path = Info.plist; sourceTree = "<group>"; };
/* End PBXFileReference section */

/* Begin PBXFrameworksBuildPhase section */
		AB55305C23E06EE100128CE9 /* Frameworks */ = {
			isa = PBXFrameworksBuildPhase;
			buildActionMask = 2147483647;
			files = (
			);
			runOnlyForDeploymentPostprocessing = 0;
		};
		AB55307023E06EE300128CE9 /* Frameworks */ = {
			isa = PBXFrameworksBuildPhase;
			buildActionMask = 2147483647;
			files = (
			);
			runOnlyForDeploymentPostprocessing = 0;
		};
/* End PBXFrameworksBuildPhase section */

/* Begin PBXGroup section */
		AB55305623E06EE100128CE9 = {
			isa = PBXGroup;
			children = (
				AB55306123E06EE100128CE9 /* MeuPrimeiroApp */,
				AB55307623E06EE300128CE9 /* MeuPrimeiroAppTests */,
				AB55306023E06EE100128CE9 /* Products */,
			);
			sourceTree = "<group>";
		};
		AB55306023E06EE100128CE9 /* Products */ = {
			isa = PBXGroup;
			children = (
				AB55305F23E06EE100128CE9 /* MeuPrimeiroApp.app */,
				AB55307323E06EE300128CE9 /* MeuPrimeiroAppTests.xctest */,
			);
			name = Products;
			sourceTree = "<group>";
		};
		AB55306123E06EE100128CE9 /* MeuPrimeiroApp */ = {
			isa = PBXGroup;
			children = (
				AB55306223E06EE100128CE9 /* AppDelegate.swift */,
				AB55306423E06EE100128CE9 /* ViewController.swift */,
				AB55306623E06EE100128CE9 /* Main.storyboard */,
				AB39C43023EAE51C009282E3 /* BarTableViewController.swift */,
				AB39C42E23E9A518009282E3 /* BarTableViewCell.swift */,
				AB39C42C23E83F9F009282E3 /* Bar.swift */,
				AB55306923E06EE300128CE9 /* Assets.xcassets */,
				AB55306B23E06EE300128CE9 /* LaunchScreen.storyboard */,
				AB55306E23E06EE300128CE9 /* Info.plist */,
				AB39C42A23E44AEA009282E3 /* RatingBar.swift */,
			);
			path = MeuPrimeiroApp;
			sourceTree = "<group>";
		};
		AB55307623E06EE300128CE9 /* MeuPrimeiroAppTests */ = {
			isa = PBXGroup;
			children = (
				AB55307723E06EE300128CE9 /* MeuPrimeiroAppTests.swift */,
				AB55307923E06EE300128CE9 /* Info.plist */,
			);
			path = MeuPrimeiroAppTests;
			sourceTree = "<group>";
		};
/* End PBXGroup section */

/* Begin PBXNativeTarget section */
		AB55305E23E06EE100128CE9 /* MeuPrimeiroApp */ = {
			isa = PBXNativeTarget;
			buildConfigurationList = AB55307C23E06EE300128CE9 /* Build configuration list for PBXNativeTarget "MeuPrimeiroApp" */;
			buildPhases = (
				AB55305B23E06EE100128CE9 /* Sources */,
				AB55305C23E06EE100128CE9 /* Frameworks */,
				AB55305D23E06EE100128CE9 /* Resources */,
			);
			buildRules = (
			);
			dependencies = (
			);
			name = MeuPrimeiroApp;
			productName = MeuPrimeiroApp;
			productReference = AB55305F23E06EE100128CE9 /* MeuPrimeiroApp.app */;
			productType = "com.apple.product-type.application";
		};
		AB55307223E06EE300128CE9 /* MeuPrimeiroAppTests */ = {
			isa = PBXNativeTarget;
			buildConfigurationList = AB55307F23E06EE300128CE9 /* Build configuration list for PBXNativeTarget "MeuPrimeiroAppTests" */;
			buildPhases = (
				AB55306F23E06EE300128CE9 /* Sources */,
				AB55307023E06EE300128CE9 /* Frameworks */,
				AB55307123E06EE300128CE9 /* Resources */,
			);
			buildRules = (
			);
			dependencies = (
				AB55307523E06EE300128CE9 /* PBXTargetDependency */,
			);
			name = MeuPrimeiroAppTests;
			productName = MeuPrimeiroAppTests;
			productReference = AB55307323E06EE300128CE9 /* MeuPrimeiroAppTests.xctest */;
			productType = "com.apple.product-type.bundle.unit-test";
		};
/* End PBXNativeTarget section */

/* Begin PBXProject section */
		AB55305723E06EE100128CE9 /* Project object */ = {
			isa = PBXProject;
			attributes = {
				LastSwiftUpdateCheck = 1000;
				LastUpgradeCheck = 1000;
				ORGANIZATIONNAME = hbsis;
				TargetAttributes = {
					AB55305E23E06EE100128CE9 = {
						CreatedOnToolsVersion = 10.0;
					};
					AB55307223E06EE300128CE9 = {
						CreatedOnToolsVersion = 10.0;
						TestTargetID = AB55305E23E06EE100128CE9;
					};
				};
			};
			buildConfigurationList = AB55305A23E06EE100128CE9 /* Build configuration list for PBXProject "MeuPrimeiroApp" */;
			compatibilityVersion = "Xcode 9.3";
			developmentRegion = en;
			hasScannedForEncodings = 0;
			knownRegions = (
				en,
				Base,
			);
			mainGroup = AB55305623E06EE100128CE9;
			productRefGroup = AB55306023E06EE100128CE9 /* Products */;
			projectDirPath = "";
			projectRoot = "";
			targets = (
				AB55305E23E06EE100128CE9 /* MeuPrimeiroApp */,
				AB55307223E06EE300128CE9 /* MeuPrimeiroAppTests */,
			);
		};
/* End PBXProject section */

/* Begin PBXResourcesBuildPhase section */
		AB55305D23E06EE100128CE9 /* Resources */ = {
			isa = PBXResourcesBuildPhase;
			buildActionMask = 2147483647;
			files = (
				AB55306D23E06EE300128CE9 /* LaunchScreen.storyboard in Resources */,
				AB55306A23E06EE300128CE9 /* Assets.xcassets in Resources */,
				AB55306823E06EE100128CE9 /* Main.storyboard in Resources */,
			);
			runOnlyForDeploymentPostprocessing = 0;
		};
		AB55307123E06EE300128CE9 /* Resources */ = {
			isa = PBXResourcesBuildPhase;
			buildActionMask = 2147483647;
			files = (
			);
			runOnlyForDeploymentPostprocessing = 0;
		};
/* End PBXResourcesBuildPhase section */

/* Begin PBXSourcesBuildPhase section */
		AB55305B23E06EE100128CE9 /* Sources */ = {
			isa = PBXSourcesBuildPhase;
			buildActionMask = 2147483647;
			files = (
				AB39C42F23E9A518009282E3 /* BarTableViewCell.swift in Sources */,
				AB39C43123EAE51C009282E3 /* BarTableViewController.swift in Sources */,
				AB39C42B23E44AEA009282E3 /* RatingBar.swift in Sources */,
				AB39C42D23E83F9F009282E3 /* Bar.swift in Sources */,
				AB55306523E06EE100128CE9 /* ViewController.swift in Sources */,
				AB55306323E06EE100128CE9 /* AppDelegate.swift in Sources */,
			);
			runOnlyForDeploymentPostprocessing = 0;
		};
		AB55306F23E06EE300128CE9 /* Sources */ = {
			isa = PBXSourcesBuildPhase;
			buildActionMask = 2147483647;
			files = (
				AB55307823E06EE300128CE9 /* MeuPrimeiroAppTests.swift in Sources */,
			);
			runOnlyForDeploymentPostprocessing = 0;
		};
/* End PBXSourcesBuildPhase section */

/* Begin PBXTargetDependency section */
		AB55307523E06EE300128CE9 /* PBXTargetDependency */ = {
			isa = PBXTargetDependency;
			target = AB55305E23E06EE100128CE9 /* MeuPrimeiroApp */;
			targetProxy = AB55307423E06EE300128CE9 /* PBXContainerItemProxy */;
		};
/* End PBXTargetDependency section */

/* Begin PBXVariantGroup section */
		AB55306623E06EE100128CE9 /* Main.storyboard */ = {
			isa = PBXVariantGroup;
			children = (
				AB55306723E06EE100128CE9 /* Base */,
			);
			name = Main.storyboard;
			sourceTree = "<group>";
		};
		AB55306B23E06EE300128CE9 /* LaunchScreen.storyboard */ = {
			isa = PBXVariantGroup;
			children = (
				AB55306C23E06EE300128CE9 /* Base */,
			);
			name = LaunchScreen.storyboard;
			sourceTree = "<group>";
		};
/* End PBXVariantGroup section */

/* Begin XCBuildConfiguration section */
		AB55307A23E06EE300128CE9 /* Debug */ = {
			isa = XCBuildConfiguration;
			buildSettings = {
				ALWAYS_SEARCH_USER_PATHS = NO;
				CLANG_ANALYZER_NONNULL = YES;
				CLANG_ANALYZER_NUMBER_OBJECT_CONVERSION = YES_AGGRESSIVE;
				CLANG_CXX_LANGUAGE_STANDARD = "gnu++14";
				CLANG_CXX_LIBRARY = "libc++";
				CLANG_ENABLE_MODULES = YES;
				CLANG_ENABLE_OBJC_ARC = YES;
				CLANG_ENABLE_OBJC_WEAK = YES;
				CLANG_WARN_BLOCK_CAPTURE_AUTORELEASING = YES;
				CLANG_WARN_BOOL_CONVERSION = YES;
				CLANG_WARN_COMMA = YES;
				CLANG_WARN_CONSTANT_CONVERSION = YES;
				CLANG_WARN_DEPRECATED_OBJC_IMPLEMENTATIONS = YES;
				CLANG_WARN_DIRECT_OBJC_ISA_USAGE = YES_ERROR;
				CLANG_WARN_DOCUMENTATION_COMMENTS = YES;
				CLANG_WARN_EMPTY_BODY = YES;
				CLANG_WARN_ENUM_CONVERSION = YES;
				CLANG_WARN_INFINITE_RECURSION = YES;
				CLANG_WARN_INT_CONVERSION = YES;
				CLANG_WARN_NON_LITERAL_NULL_CONVERSION = YES;
				CLANG_WARN_OBJC_IMPLICIT_RETAIN_SELF = YES;
				CLANG_WARN_OBJC_LITERAL_CONVERSION = YES;
				CLANG_WARN_OBJC_ROOT_CLASS = YES_ERROR;
				CLANG_WARN_RANGE_LOOP_ANALYSIS = YES;
				CLANG_WARN_STRICT_PROTOTYPES = YES;
				CLANG_WARN_SUSPICIOUS_MOVE = YES;
				CLANG_WARN_UNGUARDED_AVAILABILITY = YES_AGGRESSIVE;
				CLANG_WARN_UNREACHABLE_CODE = YES;
				CLANG_WARN__DUPLICATE_METHOD_MATCH = YES;
				CODE_SIGN_IDENTITY = "iPhone Developer";
				COPY_PHASE_STRIP = NO;
				DEBUG_INFORMATION_FORMAT = dwarf;
				ENABLE_STRICT_OBJC_MSGSEND = YES;
				ENABLE_TESTABILITY = YES;
				GCC_C_LANGUAGE_STANDARD = gnu11;
				GCC_DYNAMIC_NO_PIC = NO;
				GCC_NO_COMMON_BLOCKS = YES;
				GCC_OPTIMIZATION_LEVEL = 0;
				GCC_PREPROCESSOR_DEFINITIONS = (
					"DEBUG=1",
					"$(inherited)",
				);
				GCC_WARN_64_TO_32_BIT_CONVERSION = YES;
				GCC_WARN_ABOUT_RETURN_TYPE = YES_ERROR;
				GCC_WARN_UNDECLARED_SELECTOR = YES;
				GCC_WARN_UNINITIALIZED_AUTOS = YES_AGGRESSIVE;
				GCC_WARN_UNUSED_FUNCTION = YES;
				GCC_WARN_UNUSED_VARIABLE = YES;
				IPHONEOS_DEPLOYMENT_TARGET = 12.0;
				MTL_ENABLE_DEBUG_INFO = INCLUDE_SOURCE;
				MTL_FAST_MATH = YES;
				ONLY_ACTIVE_ARCH = YES;
				SDKROOT = iphoneos;
				SWIFT_ACTIVE_COMPILATION_CONDITIONS = DEBUG;
				SWIFT_OPTIMIZATION_LEVEL = "-Onone";
			};
			name = Debug;
		};
		AB55307B23E06EE300128CE9 /* Release */ = {
			isa = XCBuildConfiguration;
			buildSettings = {
				ALWAYS_SEARCH_USER_PATHS = NO;
				CLANG_ANALYZER_NONNULL = YES;
				CLANG_ANALYZER_NUMBER_OBJECT_CONVERSION = YES_AGGRESSIVE;
				CLANG_CXX_LANGUAGE_STANDARD = "gnu++14";
				CLANG_CXX_LIBRARY = "libc++";
				CLANG_ENABLE_MODULES = YES;
				CLANG_ENABLE_OBJC_ARC = YES;
				CLANG_ENABLE_OBJC_WEAK = YES;
				CLANG_WARN_BLOCK_CAPTURE_AUTORELEASING = YES;
				CLANG_WARN_BOOL_CONVERSION = YES;
				CLANG_WARN_COMMA = YES;
				CLANG_WARN_CONSTANT_CONVERSION = YES;
				CLANG_WARN_DEPRECATED_OBJC_IMPLEMENTATIONS = YES;
				CLANG_WARN_DIRECT_OBJC_ISA_USAGE = YES_ERROR;
				CLANG_WARN_DOCUMENTATION_COMMENTS = YES;
				CLANG_WARN_EMPTY_BODY = YES;
				CLANG_WARN_ENUM_CONVERSION = YES;
				CLANG_WARN_INFINITE_RECURSION = YES;
				CLANG_WARN_INT_CONVERSION = YES;
				CLANG_WARN_NON_LITERAL_NULL_CONVERSION = YES;
				CLANG_WARN_OBJC_IMPLICIT_RETAIN_SELF = YES;
				CLANG_WARN_OBJC_LITERAL_CONVERSION = YES;
				CLANG_WARN_OBJC_ROOT_CLASS = YES_ERROR;
				CLANG_WARN_RANGE_LOOP_ANALYSIS = YES;
				CLANG_WARN_STRICT_PROTOTYPES = YES;
				CLANG_WARN_SUSPICIOUS_MOVE = YES;
				CLANG_WARN_UNGUARDED_AVAILABILITY = YES_AGGRESSIVE;
				CLANG_WARN_UNREACHABLE_CODE = YES;
				CLANG_WARN__DUPLICATE_METHOD_MATCH = YES;
				CODE_SIGN_IDENTITY = "iPhone Developer";
				COPY_PHASE_STRIP = NO;
				DEBUG_INFORMATION_FORMAT = "dwarf-with-dsym";
				ENABLE_NS_ASSERTIONS = NO;
				ENABLE_STRICT_OBJC_MSGSEND = YES;
				GCC_C_LANGUAGE_STANDARD = gnu11;
				GCC_NO_COMMON_BLOCKS = YES;
				GCC_WARN_64_TO_32_BIT_CONVERSION = YES;
				GCC_WARN_ABOUT_RETURN_TYPE = YES_ERROR;
				GCC_WARN_UNDECLARED_SELECTOR = YES;
				GCC_WARN_UNINITIALIZED_AUTOS = YES_AGGRESSIVE;
				GCC_WARN_UNUSED_FUNCTION = YES;
				GCC_WARN_UNUSED_VARIABLE = YES;
				IPHONEOS_DEPLOYMENT_TARGET = 12.0;
				MTL_ENABLE_DEBUG_INFO = NO;
				MTL_FAST_MATH = YES;
				SDKROOT = iphoneos;
				SWIFT_COMPILATION_MODE = wholemodule;
				SWIFT_OPTIMIZATION_LEVEL = "-O";
				VALIDATE_PRODUCT = YES;
			};
			name = Release;
		};
		AB55307D23E06EE300128CE9 /* Debug */ = {
			isa = XCBuildConfiguration;
			buildSettings = {
				ASSETCATALOG_COMPILER_APPICON_NAME = AppIcon;
				CODE_SIGN_IDENTITY = "iPhone Developer";
				CODE_SIGN_STYLE = Automatic;
				DEVELOPMENT_TEAM = "";
				INFOPLIST_FILE = MeuPrimeiroApp/Info.plist;
				LD_RUNPATH_SEARCH_PATHS = (
					"$(inherited)",
					"@executable_path/Frameworks",
				);
				PRODUCT_BUNDLE_IDENTIFIER = com.hbsis.padawan.MeuPrimeiroApp;
				PRODUCT_NAME = "$(TARGET_NAME)";
				PROVISIONING_PROFILE_SPECIFIER = "";
				SWIFT_VERSION = 4.2;
				TARGETED_DEVICE_FAMILY = "1,2";
			};
			name = Debug;
		};
		AB55307E23E06EE300128CE9 /* Release */ = {
			isa = XCBuildConfiguration;
			buildSettings = {
				ASSETCATALOG_COMPILER_APPICON_NAME = AppIcon;
				CODE_SIGN_IDENTITY = "iPhone Developer";
				CODE_SIGN_STYLE = Automatic;
				DEVELOPMENT_TEAM = "";
				INFOPLIST_FILE = MeuPrimeiroApp/Info.plist;
				LD_RUNPATH_SEARCH_PATHS = (
					"$(inherited)",
					"@executable_path/Frameworks",
				);
				PRODUCT_BUNDLE_IDENTIFIER = com.hbsis.padawan.MeuPrimeiroApp;
				PRODUCT_NAME = "$(TARGET_NAME)";
				PROVISIONING_PROFILE_SPECIFIER = "";
				SWIFT_VERSION = 4.2;
				TARGETED_DEVICE_FAMILY = "1,2";
			};
			name = Release;
		};
		AB55308023E06EE300128CE9 /* Debug */ = {
			isa = XCBuildConfiguration;
			buildSettings = {
				ALWAYS_EMBED_SWIFT_STANDARD_LIBRARIES = YES;
				BUNDLE_LOADER = "$(TEST_HOST)";
				CODE_SIGN_STYLE = Automatic;
				INFOPLIST_FILE = MeuPrimeiroAppTests/Info.plist;
				LD_RUNPATH_SEARCH_PATHS = (
					"$(inherited)",
					"@executable_path/Frameworks",
					"@loader_path/Frameworks",
				);
				PRODUCT_BUNDLE_IDENTIFIER = com.hbsis.padawan.MeuPrimeiroAppTests;
				PRODUCT_NAME = "$(TARGET_NAME)";
				SWIFT_VERSION = 4.2;
				TARGETED_DEVICE_FAMILY = "1,2";
				TEST_HOST = "$(BUILT_PRODUCTS_DIR)/MeuPrimeiroApp.app/MeuPrimeiroApp";
			};
			name = Debug;
		};
		AB55308123E06EE300128CE9 /* Release */ = {
			isa = XCBuildConfiguration;
			buildSettings = {
				ALWAYS_EMBED_SWIFT_STANDARD_LIBRARIES = YES;
				BUNDLE_LOADER = "$(TEST_HOST)";
				CODE_SIGN_STYLE = Automatic;
				INFOPLIST_FILE = MeuPrimeiroAppTests/Info.plist;
				LD_RUNPATH_SEARCH_PATHS = (
					"$(inherited)",
					"@executable_path/Frameworks",
					"@loader_path/Frameworks",
				);
				PRODUCT_BUNDLE_IDENTIFIER = com.hbsis.padawan.MeuPrimeiroAppTests;
				PRODUCT_NAME = "$(TARGET_NAME)";
				SWIFT_VERSION = 4.2;
				TARGETED_DEVICE_FAMILY = "1,2";
				TEST_HOST = "$(BUILT_PRODUCTS_DIR)/MeuPrimeiroApp.app/MeuPrimeiroApp";
			};
			name = Release;
		};
/* End XCBuildConfiguration section */

/* Begin XCConfigurationList section */
		AB55305A23E06EE100128CE9 /* Build configuration list for PBXProject "MeuPrimeiroApp" */ = {
			isa = XCConfigurationList;
			buildConfigurations = (
				AB55307A23E06EE300128CE9 /* Debug */,
				AB55307B23E06EE300128CE9 /* Release */,
			);
			defaultConfigurationIsVisible = 0;
			defaultConfigurationName = Release;
		};
		AB55307C23E06EE300128CE9 /* Build configuration list for PBXNativeTarget "MeuPrimeiroApp" */ = {
			isa = XCConfigurationList;
			buildConfigurations = (
				AB55307D23E06EE300128CE9 /* Debug */,
				AB55307E23E06EE300128CE9 /* Release */,
			);
			defaultConfigurationIsVisible = 0;
			defaultConfigurationName = Release;
		};
		AB55307F23E06EE300128CE9 /* Build configuration list for PBXNativeTarget "MeuPrimeiroAppTests" */ = {
			isa = XCConfigurationList;
			buildConfigurations = (
				AB55308023E06EE300128CE9 /* Debug */,
				AB55308123E06EE300128CE9 /* Release */,
			);
			defaultConfigurationIsVisible = 0;
			defaultConfigurationName = Release;
		};
/* End XCConfigurationList section */
	};
	rootObject = AB55305723E06EE100128CE9 /* Project object */;
}
